
Microsoft Visual Studio Solution File, Format Version 12.00
# Visual Studio Version 17
VisualStudioVersion = 17.6.33815.320
MinimumVisualStudioVersion = 10.0.40219.1
Project("{9A19103F-16F7-4668-BE54-9A1E7A4F7556}") = "SimplifiedSlotMachine.DataModel", "SimplifiedSlotMachine.DataModel\SimplifiedSlotMachine.DataModel.csproj", "{1B883305-7EE9-4A83-93E0-939102AAE13C}"
EndProject
Project("{9A19103F-16F7-4668-BE54-9A1E7A4F7556}") = "SimplifiedSlotMachine.GameModel", "SimplifiedSlotMachine.GameModel\SimplifiedSlotMachine.GameModel.csproj", "{9318905A-58FF-49A7-BB4A-637515CB0B97}"
EndProject
Project("{9A19103F-16F7-4668-BE54-9A1E7A4F7556}") = "GameModel.Abstract", "GameModel.Abstract\GameModel.Abstract.csproj", "{061E214F-0EA6-4AEE-ACD3-384D50AA6B05}"
EndProject
Project("{FAE04EC0-301F-11D3-BF4B-00C04F79EFBC}") = "SimplifiedSlotMachine.UnitTests", "..\SimplifiedSlotMachine.UnitTests\SimplifiedSlotMachine.UnitTests.csproj", "{C900E6B8-C46D-476B-94E7-C46CAC48CC7A}"
EndProject
Global
	GlobalSection(SolutionConfigurationPlatforms) = preSolution
		Debug|Any CPU = Debug|Any CPU
		Release|Any CPU = Release|Any CPU
	EndGlobalSection
	GlobalSection(ProjectConfigurationPlatforms) = postSolution
		{1B883305-7EE9-4A83-93E0-939102AAE13C}.Debug|Any CPU.ActiveCfg = Debug|Any CPU
		{1B883305-7EE9-4A83-93E0-939102AAE13C}.Debug|Any CPU.Build.0 = Debug|Any CPU
		{1B883305-7EE9-4A83-93E0-939102AAE13C}.Release|Any CPU.ActiveCfg = Release|Any CPU
		{1B883305-7EE9-4A83-93E0-939102AAE13C}.Release|Any CPU.Build.0 = Release|Any CPU
		{9318905A-58FF-49A7-BB4A-637515CB0B97}.Debug|Any CPU.ActiveCfg = Debug|Any CPU
		{9318905A-58FF-49A7-BB4A-637515CB0B97}.Debug|Any CPU.Build.0 = Debug|Any CPU
		{9318905A-58FF-49A7-BB4A-637515CB0B97}.Release|Any CPU.ActiveCfg = Release|Any CPU
		{9318905A-58FF-49A7-BB4A-637515CB0B97}.Release|Any CPU.Build.0 = Release|Any CPU
		{061E214F-0EA6-4AEE-ACD3-384D50AA6B05}.Debug|Any CPU.ActiveCfg = Debug|Any CPU
		{061E214F-0EA6-4AEE-ACD3-384D50AA6B05}.Debug|Any CPU.Build.0 = Debug|Any CPU
		{061E214F-0EA6-4AEE-ACD3-384D50AA6B05}.Release|Any CPU.ActiveCfg = Release|Any CPU
		{061E214F-0EA6-4AEE-ACD3-384D50AA6B05}.Release|Any CPU.Build.0 = Release|Any CPU
		{C900E6B8-C46D-476B-94E7-C46CAC48CC7A}.Debug|Any CPU.ActiveCfg = Debug|Any CPU
		{C900E6B8-C46D-476B-94E7-C46CAC48CC7A}.Debug|Any CPU.Build.0 = Debug|Any CPU
		{C900E6B8-C46D-476B-94E7-C46CAC48CC7A}.Release|Any CPU.ActiveCfg = Release|Any CPU
		{C900E6B8-C46D-476B-94E7-C46CAC48CC7A}.Release|Any CPU.Build.0 = Release|Any CPU
	EndGlobalSection
	GlobalSection(SolutionProperties) = preSolution
		HideSolutionNode = FALSE
	EndGlobalSection
	GlobalSection(ExtensibilityGlobals) = postSolution
		SolutionGuid = {5340324D-4C7D-4390-8D91-B14AC97EB277}
	EndGlobalSection
EndGlobal
